// !$*UTF8*$!
{
	archiveVersion = 1;
	classes = {
	};
	objectVersion = 46;
	objects = {

/* Begin PBXBuildFile section */
		BC117CFD1DD7CE1F00354AB8 /* AppDelegate.swift in Sources */ = {isa = PBXBuildFile; fileRef = BC117CFC1DD7CE1F00354AB8 /* AppDelegate.swift */; };
		BC117CFF1DD7CE1F00354AB8 /* ViewController.swift in Sources */ = {isa = PBXBuildFile; fileRef = BC117CFE1DD7CE1F00354AB8 /* ViewController.swift */; };
		BC117D021DD7CE1F00354AB8 /* Main.storyboard in Resources */ = {isa = PBXBuildFile; fileRef = BC117D001DD7CE1F00354AB8 /* Main.storyboard */; };
		BC117D051DD7CE1F00354AB8 /* NeuroJack.xcdatamodeld in Sources */ = {isa = PBXBuildFile; fileRef = BC117D031DD7CE1F00354AB8 /* NeuroJack.xcdatamodeld */; };
		BC117D071DD7CE1F00354AB8 /* Assets.xcassets in Resources */ = {isa = PBXBuildFile; fileRef = BC117D061DD7CE1F00354AB8 /* Assets.xcassets */; };
		BC117D0A1DD7CE1F00354AB8 /* LaunchScreen.storyboard in Resources */ = {isa = PBXBuildFile; fileRef = BC117D081DD7CE1F00354AB8 /* LaunchScreen.storyboard */; };
		BC117D121DD7CE4F00354AB8 /* Cards.swift in Sources */ = {isa = PBXBuildFile; fileRef = BC117D111DD7CE4F00354AB8 /* Cards.swift */; };
		BC117D141DD7EFD100354AB8 /* spade.png in Resources */ = {isa = PBXBuildFile; fileRef = BC117D131DD7EFD100354AB8 /* spade.png */; };
		BC117D161DD7EFD600354AB8 /* diamond.png in Resources */ = {isa = PBXBuildFile; fileRef = BC117D151DD7EFD600354AB8 /* diamond.png */; };
		BC117D181DD7EFDD00354AB8 /* heart.png in Resources */ = {isa = PBXBuildFile; fileRef = BC117D171DD7EFDD00354AB8 /* heart.png */; };
		BC117D1A1DD7EFE200354AB8 /* club.jpg in Resources */ = {isa = PBXBuildFile; fileRef = BC117D191DD7EFE200354AB8 /* club.jpg */; };
		BC117D1C1DD7F52100354AB8 /* Perceptron.swift in Sources */ = {isa = PBXBuildFile; fileRef = BC117D1B1DD7F52100354AB8 /* Perceptron.swift */; };
		BC4C54921DD92594006B6280 /* BlackjackTable.swift in Sources */ = {isa = PBXBuildFile; fileRef = BC4C54911DD92594006B6280 /* BlackjackTable.swift */; };
		BC4C54941DD9336C006B6280 /* RedRoyalty.swift in Sources */ = {isa = PBXBuildFile; fileRef = BC4C54931DD9336C006B6280 /* RedRoyalty.swift */; };
/* End PBXBuildFile section */

/* Begin PBXFileReference section */
		BC117CF91DD7CE1F00354AB8 /* NeuroJack.app */ = {isa = PBXFileReference; explicitFileType = wrapper.application; includeInIndex = 0; path = NeuroJack.app; sourceTree = BUILT_PRODUCTS_DIR; };
		BC117CFC1DD7CE1F00354AB8 /* AppDelegate.swift */ = {isa = PBXFileReference; lastKnownFileType = sourcecode.swift; path = AppDelegate.swift; sourceTree = "<group>"; };
		BC117CFE1DD7CE1F00354AB8 /* ViewController.swift */ = {isa = PBXFileReference; lastKnownFileType = sourcecode.swift; path = ViewController.swift; sourceTree = "<group>"; };
		BC117D011DD7CE1F00354AB8 /* Base */ = {isa = PBXFileReference; lastKnownFileType = file.storyboard; name = Base; path = Base.lproj/Main.storyboard; sourceTree = "<group>"; };
		BC117D041DD7CE1F00354AB8 /* NeuroJack.xcdatamodel */ = {isa = PBXFileReference; lastKnownFileType = wrapper.xcdatamodel; path = NeuroJack.xcdatamodel; sourceTree = "<group>"; };
		BC117D061DD7CE1F00354AB8 /* Assets.xcassets */ = {isa = PBXFileReference; lastKnownFileType = folder.assetcatalog; path = Assets.xcassets; sourceTree = "<group>"; };
		BC117D091DD7CE1F00354AB8 /* Base */ = {isa = PBXFileReference; lastKnownFileType = file.storyboard; name = Base; path = Base.lproj/LaunchScreen.storyboard; sourceTree = "<group>"; };
		BC117D0B1DD7CE1F00354AB8 /* Info.plist */ = {isa = PBXFileReference; lastKnownFileType = text.plist.xml; path = Info.plist; sourceTree = "<group>"; };
		BC117D111DD7CE4F00354AB8 /* Cards.swift */ = {isa = PBXFileReference; fileEncoding = 4; lastKnownFileType = sourcecode.swift; path = Cards.swift; sourceTree = "<group>"; };
		BC117D131DD7EFD100354AB8 /* spade.png */ = {isa = PBXFileReference; lastKnownFileType = image.png; path = spade.png; sourceTree = "<group>"; };
		BC117D151DD7EFD600354AB8 /* diamond.png */ = {isa = PBXFileReference; lastKnownFileType = image.png; path = diamond.png; sourceTree = "<group>"; };
		BC117D171DD7EFDD00354AB8 /* heart.png */ = {isa = PBXFileReference; lastKnownFileType = image.png; path = heart.png; sourceTree = "<group>"; };
		BC117D191DD7EFE200354AB8 /* club.jpg */ = {isa = PBXFileReference; lastKnownFileType = image.jpeg; path = club.jpg; sourceTree = "<group>"; };
		BC117D1B1DD7F52100354AB8 /* Perceptron.swift */ = {isa = PBXFileReference; fileEncoding = 4; lastKnownFileType = sourcecode.swift; path = Perceptron.swift; sourceTree = "<group>"; };
		BC4C54911DD92594006B6280 /* BlackjackTable.swift */ = {isa = PBXFileReference; fileEncoding = 4; lastKnownFileType = sourcecode.swift; path = BlackjackTable.swift; sourceTree = "<group>"; };
		BC4C54931DD9336C006B6280 /* RedRoyalty.swift */ = {isa = PBXFileReference; fileEncoding = 4; lastKnownFileType = sourcecode.swift; path = RedRoyalty.swift; sourceTree = "<group>"; };
/* End PBXFileReference section */

/* Begin PBXFrameworksBuildPhase section */
		BC117CF61DD7CE1F00354AB8 /* Frameworks */ = {
			isa = PBXFrameworksBuildPhase;
			buildActionMask = 2147483647;
			files = (
			);
			runOnlyForDeploymentPostprocessing = 0;
		};
/* End PBXFrameworksBuildPhase section */

/* Begin PBXGroup section */
		BC117CF01DD7CE1F00354AB8 = {
			isa = PBXGroup;
			children = (
				BC117CFB1DD7CE1F00354AB8 /* NeuroJack */,
				BC117CFA1DD7CE1F00354AB8 /* Products */,
			);
			sourceTree = "<group>";
		};
		BC117CFA1DD7CE1F00354AB8 /* Products */ = {
			isa = PBXGroup;
			children = (
				BC117CF91DD7CE1F00354AB8 /* NeuroJack.app */,
			);
			name = Products;
			sourceTree = "<group>";
		};
		BC117CFB1DD7CE1F00354AB8 /* NeuroJack */ = {
			isa = PBXGroup;
			children = (
				BC117D111DD7CE4F00354AB8 /* Cards.swift */,
				BC117CFC1DD7CE1F00354AB8 /* AppDelegate.swift */,
				BC117CFE1DD7CE1F00354AB8 /* ViewController.swift */,
				BC4C54911DD92594006B6280 /* BlackjackTable.swift */,
				BC117D1B1DD7F52100354AB8 /* Perceptron.swift */,
				BC117D001DD7CE1F00354AB8 /* Main.storyboard */,
				BC4C54931DD9336C006B6280 /* RedRoyalty.swift */,
				BC117D061DD7CE1F00354AB8 /* Assets.xcassets */,
				BC117D081DD7CE1F00354AB8 /* LaunchScreen.storyboard */,
				BC117D0B1DD7CE1F00354AB8 /* Info.plist */,
				BC117D031DD7CE1F00354AB8 /* NeuroJack.xcdatamodeld */,
				BC117D131DD7EFD100354AB8 /* spade.png */,
				BC117D151DD7EFD600354AB8 /* diamond.png */,
				BC117D171DD7EFDD00354AB8 /* heart.png */,
				BC117D191DD7EFE200354AB8 /* club.jpg */,
			);
			path = NeuroJack;
			sourceTree = "<group>";
		};
/* End PBXGroup section */

/* Begin PBXNativeTarget section */
		BC117CF81DD7CE1F00354AB8 /* NeuroJack */ = {
			isa = PBXNativeTarget;
			buildConfigurationList = BC117D0E1DD7CE1F00354AB8 /* Build configuration list for PBXNativeTarget "NeuroJack" */;
			buildPhases = (
				BC117CF51DD7CE1F00354AB8 /* Sources */,
				BC117CF61DD7CE1F00354AB8 /* Frameworks */,
				BC117CF71DD7CE1F00354AB8 /* Resources */,
			);
			buildRules = (
			);
			dependencies = (
			);
			name = NeuroJack;
			productName = NeuroJack;
			productReference = BC117CF91DD7CE1F00354AB8 /* NeuroJack.app */;
			productType = "com.apple.product-type.application";
		};
/* End PBXNativeTarget section */

/* Begin PBXProject section */
		BC117CF11DD7CE1F00354AB8 /* Project object */ = {
			isa = PBXProject;
			attributes = {
				LastSwiftUpdateCheck = 0810;
				LastUpgradeCheck = 0810;
				ORGANIZATIONNAME = "Josh Edson";
				TargetAttributes = {
					BC117CF81DD7CE1F00354AB8 = {
						CreatedOnToolsVersion = 8.1;
						DevelopmentTeam = CH2T3PYZJY;
						ProvisioningStyle = Automatic;
					};
				};
			};
			buildConfigurationList = BC117CF41DD7CE1F00354AB8 /* Build configuration list for PBXProject "NeuroJack" */;
			compatibilityVersion = "Xcode 3.2";
			developmentRegion = English;
			hasScannedForEncodings = 0;
			knownRegions = (
				en,
				Base,
			);
			mainGroup = BC117CF01DD7CE1F00354AB8;
			productRefGroup = BC117CFA1DD7CE1F00354AB8 /* Products */;
			projectDirPath = "";
			projectRoot = "";
			targets = (
				BC117CF81DD7CE1F00354AB8 /* NeuroJack */,
			);
		};
/* End PBXProject section */

/* Begin PBXResourcesBuildPhase section */
		BC117CF71DD7CE1F00354AB8 /* Resources */ = {
			isa = PBXResourcesBuildPhase;
			buildActionMask = 2147483647;
			files = (
				BC117D0A1DD7CE1F00354AB8 /* LaunchScreen.storyboard in Resources */,
				BC117D071DD7CE1F00354AB8 /* Assets.xcassets in Resources */,
				BC117D1A1DD7EFE200354AB8 /* club.jpg in Resources */,
				BC117D141DD7EFD100354AB8 /* spade.png in Resources */,
				BC117D181DD7EFDD00354AB8 /* heart.png in Resources */,
				BC117D021DD7CE1F00354AB8 /* Main.storyboard in Resources */,
				BC117D161DD7EFD600354AB8 /* diamond.png in Resources */,
			);
			runOnlyForDeploymentPostprocessing = 0;
		};
/* End PBXResourcesBuildPhase section */

/* Begin PBXSourcesBuildPhase section */
		BC117CF51DD7CE1F00354AB8 /* Sources */ = {
			isa = PBXSourcesBuildPhase;
			buildActionMask = 2147483647;
			files = (
				BC117CFF1DD7CE1F00354AB8 /* ViewController.swift in Sources */,
				BC4C54921DD92594006B6280 /* BlackjackTable.swift in Sources */,
				BC117CFD1DD7CE1F00354AB8 /* AppDelegate.swift in Sources */,
				BC4C54941DD9336C006B6280 /* RedRoyalty.swift in Sources */,
				BC117D051DD7CE1F00354AB8 /* NeuroJack.xcdatamodeld in Sources */,
				BC117D121DD7CE4F00354AB8 /* Cards.swift in Sources */,
				BC117D1C1DD7F52100354AB8 /* Perceptron.swift in Sources */,
			);
			runOnlyForDeploymentPostprocessing = 0;
		};
/* End PBXSourcesBuildPhase section */

/* Begin PBXVariantGroup section */
		BC117D001DD7CE1F00354AB8 /* Main.storyboard */ = {
			isa = PBXVariantGroup;
			children = (
				BC117D011DD7CE1F00354AB8 /* Base */,
			);
			name = Main.storyboard;
			sourceTree = "<group>";
		};
		BC117D081DD7CE1F00354AB8 /* LaunchScreen.storyboard */ = {
			isa = PBXVariantGroup;
			children = (
				BC117D091DD7CE1F00354AB8 /* Base */,
			);
			name = LaunchScreen.storyboard;
			sourceTree = "<group>";
		};
/* End PBXVariantGroup section */

/* Begin XCBuildConfiguration section */
		BC117D0C1DD7CE1F00354AB8 /* Debug */ = {
			isa = XCBuildConfiguration;
			buildSettings = {
				ALWAYS_SEARCH_USER_PATHS = NO;
				CLANG_ANALYZER_NONNULL = YES;
				CLANG_CXX_LANGUAGE_STANDARD = "gnu++0x";
				CLANG_CXX_LIBRARY = "libc++";
				CLANG_ENABLE_MODULES = YES;
				CLANG_ENABLE_OBJC_ARC = YES;
				CLANG_WARN_BOOL_CONVERSION = YES;
				CLANG_WARN_CONSTANT_CONVERSION = YES;
				CLANG_WARN_DIRECT_OBJC_ISA_USAGE = YES_ERROR;
				CLANG_WARN_DOCUMENTATION_COMMENTS = YES;
				CLANG_WARN_EMPTY_BODY = YES;
				CLANG_WARN_ENUM_CONVERSION = YES;
				CLANG_WARN_INFINITE_RECURSION = YES;
				CLANG_WARN_INT_CONVERSION = YES;
				CLANG_WARN_OBJC_ROOT_CLASS = YES_ERROR;
				CLANG_WARN_SUSPICIOUS_MOVES = YES;
				CLANG_WARN_UNREACHABLE_CODE = YES;
				CLANG_WARN__DUPLICATE_METHOD_MATCH = YES;
				"CODE_SIGN_IDENTITY[sdk=iphoneos*]" = "iPhone Developer";
				COPY_PHASE_STRIP = NO;
				DEBUG_INFORMATION_FORMAT = dwarf;
				ENABLE_STRICT_OBJC_MSGSEND = YES;
				ENABLE_TESTABILITY = YES;
				GCC_C_LANGUAGE_STANDARD = gnu99;
				GCC_DYNAMIC_NO_PIC = NO;
				GCC_NO_COMMON_BLOCKS = YES;
				GCC_OPTIMIZATION_LEVEL = 0;
				GCC_PREPROCESSOR_DEFINITIONS = (
					"DEBUG=1",
					"$(inherited)",
				);
				GCC_WARN_64_TO_32_BIT_CONVERSION = YES;
				GCC_WARN_ABOUT_RETURN_TYPE = YES_ERROR;
				GCC_WARN_UNDECLARED_SELECTOR = YES;
				GCC_WARN_UNINITIALIZED_AUTOS = YES_AGGRESSIVE;
				GCC_WARN_UNUSED_FUNCTION = YES;
				GCC_WARN_UNUSED_VARIABLE = YES;
				IPHONEOS_DEPLOYMENT_TARGET = 10.1;
				MTL_ENABLE_DEBUG_INFO = YES;
				ONLY_ACTIVE_ARCH = YES;
				SDKROOT = iphoneos;
				SWIFT_ACTIVE_COMPILATION_CONDITIONS = DEBUG;
				SWIFT_OPTIMIZATION_LEVEL = "-Onone";
				TARGETED_DEVICE_FAMILY = "1,2";
			};
			name = Debug;
		};
		BC117D0D1DD7CE1F00354AB8 /* Release */ = {
			isa = XCBuildConfiguration;
			buildSettings = {
				ALWAYS_SEARCH_USER_PATHS = NO;
				CLANG_ANALYZER_NONNULL = YES;
				CLANG_CXX_LANGUAGE_STANDARD = "gnu++0x";
				CLANG_CXX_LIBRARY = "libc++";
				CLANG_ENABLE_MODULES = YES;
				CLANG_ENABLE_OBJC_ARC = YES;
				CLANG_WARN_BOOL_CONVERSION = YES;
				CLANG_WARN_CONSTANT_CONVERSION = YES;
				CLANG_WARN_DIRECT_OBJC_ISA_USAGE = YES_ERROR;
				CLANG_WARN_DOCUMENTATION_COMMENTS = YES;
				CLANG_WARN_EMPTY_BODY = YES;
				CLANG_WARN_ENUM_CONVERSION = YES;
				CLANG_WARN_INFINITE_RECURSION = YES;
				CLANG_WARN_INT_CONVERSION = YES;
				CLANG_WARN_OBJC_ROOT_CLASS = YES_ERROR;
				CLANG_WARN_SUSPICIOUS_MOVES = YES;
				CLANG_WARN_UNREACHABLE_CODE = YES;
				CLANG_WARN__DUPLICATE_METHOD_MATCH = YES;
				"CODE_SIGN_IDENTITY[sdk=iphoneos*]" = "iPhone Developer";
				COPY_PHASE_STRIP = NO;
				DEBUG_INFORMATION_FORMAT = "dwarf-with-dsym";
				ENABLE_NS_ASSERTIONS = NO;
				ENABLE_STRICT_OBJC_MSGSEND = YES;
				GCC_C_LANGUAGE_STANDARD = gnu99;
				GCC_NO_COMMON_BLOCKS = YES;
				GCC_WARN_64_TO_32_BIT_CONVERSION = YES;
				GCC_WARN_ABOUT_RETURN_TYPE = YES_ERROR;
				GCC_WARN_UNDECLARED_SELECTOR = YES;
				GCC_WARN_UNINITIALIZED_AUTOS = YES_AGGRESSIVE;
				GCC_WARN_UNUSED_FUNCTION = YES;
				GCC_WARN_UNUSED_VARIABLE = YES;
				IPHONEOS_DEPLOYMENT_TARGET = 10.1;
				MTL_ENABLE_DEBUG_INFO = NO;
				SDKROOT = iphoneos;
				SWIFT_OPTIMIZATION_LEVEL = "-Owholemodule";
				TARGETED_DEVICE_FAMILY = "1,2";
				VALIDATE_PRODUCT = YES;
			};
			name = Release;
		};
		BC117D0F1DD7CE1F00354AB8 /* Debug */ = {
			isa = XCBuildConfiguration;
			buildSettings = {
				ASSETCATALOG_COMPILER_APPICON_NAME = AppIcon;
				DEVELOPMENT_TEAM = CH2T3PYZJY;
				INFOPLIST_FILE = NeuroJack/Info.plist;
				LD_RUNPATH_SEARCH_PATHS = "$(inherited) @executable_path/Frameworks";
				PRODUCT_BUNDLE_IDENTIFIER = com.alphamonkey.NeuroJack;
				PRODUCT_NAME = "$(TARGET_NAME)";
				SWIFT_VERSION = 3.0;
			};
			name = Debug;
		};
		BC117D101DD7CE1F00354AB8 /* Release */ = {
			isa = XCBuildConfiguration;
			buildSettings = {
				ASSETCATALOG_COMPILER_APPICON_NAME = AppIcon;
				DEVELOPMENT_TEAM = CH2T3PYZJY;
				INFOPLIST_FILE = NeuroJack/Info.plist;
				LD_RUNPATH_SEARCH_PATHS = "$(inherited) @executable_path/Frameworks";
				PRODUCT_BUNDLE_IDENTIFIER = com.alphamonkey.NeuroJack;
				PRODUCT_NAME = "$(TARGET_NAME)";
				SWIFT_VERSION = 3.0;
			};
			name = Release;
		};
/* End XCBuildConfiguration section */

/* Begin XCConfigurationList section */
		BC117CF41DD7CE1F00354AB8 /* Build configuration list for PBXProject "NeuroJack" */ = {
			isa = XCConfigurationList;
			buildConfigurations = (
				BC117D0C1DD7CE1F00354AB8 /* Debug */,
				BC117D0D1DD7CE1F00354AB8 /* Release */,
			);
			defaultConfigurationIsVisible = 0;
			defaultConfigurationName = Release;
		};
		BC117D0E1DD7CE1F00354AB8 /* Build configuration list for PBXNativeTarget "NeuroJack" */ = {
			isa = XCConfigurationList;
			buildConfigurations = (
				BC117D0F1DD7CE1F00354AB8 /* Debug */,
				BC117D101DD7CE1F00354AB8 /* Release */,
			);
			defaultConfigurationIsVisible = 0;
			defaultConfigurationName = Release;
		};
/* End XCConfigurationList section */

/* Begin XCVersionGroup section */
		BC117D031DD7CE1F00354AB8 /* NeuroJack.xcdatamodeld */ = {
			isa = XCVersionGroup;
			children = (
				BC117D041DD7CE1F00354AB8 /* NeuroJack.xcdatamodel */,
			);
			currentVersion = BC117D041DD7CE1F00354AB8 /* NeuroJack.xcdatamodel */;
			path = NeuroJack.xcdatamodeld;
			sourceTree = "<group>";
			versionGroupType = wrapper.xcdatamodel;
		};
/* End XCVersionGroup section */
	};
	rootObject = BC117CF11DD7CE1F00354AB8 /* Project object */;
}
